
Microsoft Visual Studio Solution File, Format Version 12.00
# Visual Studio 15
Project("{FAE04EC0-301F-11D3-BF4B-00C04F79EFBC}") = "AppShortcutsFormsSample.Android", "AppShortcutsFormsSample.Android\AppShortcutsFormsSample.Android.csproj", "{49AF9FA6-570A-4F30-967E-DDADA4718E85}"
EndProject
Project("{FAE04EC0-301F-11D3-BF4B-00C04F79EFBC}") = "AppShortcutsFormsSample.iOS", "AppShortcutsFormsSample.iOS\AppShortcutsFormsSample.iOS.csproj", "{C8A39712-3677-45E9-BFE8-6FFE1E725A8F}"
EndProject
Project("{FAE04EC0-301F-11D3-BF4B-00C04F79EFBC}") = "AppShortcutsFormsSample", "AppShortcutsFormsSample\AppShortcutsFormsSample.csproj", "{DE5A151D-0873-4965-A1CD-8BA90E1D547C}"
EndProject
Global
	GlobalSection(SolutionConfigurationPlatforms) = preSolution
		Debug|Any CPU = Debug|Any CPU
		Release|Any CPU = Release|Any CPU
		Debug|iPhoneSimulator = Debug|iPhoneSimulator
		Release|iPhoneSimulator = Release|iPhoneSimulator
		Debug|iPhone = Debug|iPhone
		Release|iPhone = Release|iPhone
	EndGlobalSection
	GlobalSection(ProjectConfigurationPlatforms) = postSolution
		{49AF9FA6-570A-4F30-967E-DDADA4718E85}.Debug|Any CPU.ActiveCfg = Debug|Any CPU
		{49AF9FA6-570A-4F30-967E-DDADA4718E85}.Debug|Any CPU.Build.0 = Debug|Any CPU
		{49AF9FA6-570A-4F30-967E-DDADA4718E85}.Release|Any CPU.ActiveCfg = Release|Any CPU
		{49AF9FA6-570A-4F30-967E-DDADA4718E85}.Release|Any CPU.Build.0 = Release|Any CPU
		{49AF9FA6-570A-4F30-967E-DDADA4718E85}.Debug|iPhoneSimulator.ActiveCfg = Debug|Any CPU
		{49AF9FA6-570A-4F30-967E-DDADA4718E85}.Debug|iPhoneSimulator.Build.0 = Debug|Any CPU
		{49AF9FA6-570A-4F30-967E-DDADA4718E85}.Release|iPhoneSimulator.ActiveCfg = Release|Any CPU
		{49AF9FA6-570A-4F30-967E-DDADA4718E85}.Release|iPhoneSimulator.Build.0 = Release|Any CPU
		{49AF9FA6-570A-4F30-967E-DDADA4718E85}.Debug|iPhone.ActiveCfg = Debug|Any CPU
		{49AF9FA6-570A-4F30-967E-DDADA4718E85}.Debug|iPhone.Build.0 = Debug|Any CPU
		{49AF9FA6-570A-4F30-967E-DDADA4718E85}.Release|iPhone.ActiveCfg = Release|Any CPU
		{49AF9FA6-570A-4F30-967E-DDADA4718E85}.Release|iPhone.Build.0 = Release|Any CPU
		{C8A39712-3677-45E9-BFE8-6FFE1E725A8F}.Debug|Any CPU.ActiveCfg = Debug|iPhoneSimulator
		{C8A39712-3677-45E9-BFE8-6FFE1E725A8F}.Debug|Any CPU.Build.0 = Debug|iPhoneSimulator
		{C8A39712-3677-45E9-BFE8-6FFE1E725A8F}.Release|Any CPU.ActiveCfg = Release|iPhoneSimulator
		{C8A39712-3677-45E9-BFE8-6FFE1E725A8F}.Release|Any CPU.Build.0 = Release|iPhoneSimulator
		{C8A39712-3677-45E9-BFE8-6FFE1E725A8F}.Debug|iPhoneSimulator.ActiveCfg = Debug|iPhoneSimulator
		{C8A39712-3677-45E9-BFE8-6FFE1E725A8F}.Debug|iPhoneSimulator.Build.0 = Debug|iPhoneSimulator
		{C8A39712-3677-45E9-BFE8-6FFE1E725A8F}.Release|iPhoneSimulator.ActiveCfg = Release|iPhoneSimulator
		{C8A39712-3677-45E9-BFE8-6FFE1E725A8F}.Release|iPhoneSimulator.Build.0 = Release|iPhoneSimulator
		{C8A39712-3677-45E9-BFE8-6FFE1E725A8F}.Debug|iPhone.ActiveCfg = Debug|iPhone
		{C8A39712-3677-45E9-BFE8-6FFE1E725A8F}.Debug|iPhone.Build.0 = Debug|iPhone
		{C8A39712-3677-45E9-BFE8-6FFE1E725A8F}.Release|iPhone.ActiveCfg = Release|iPhone
		{C8A39712-3677-45E9-BFE8-6FFE1E725A8F}.Release|iPhone.Build.0 = Release|iPhone
		{DE5A151D-0873-4965-A1CD-8BA90E1D547C}.Debug|Any CPU.ActiveCfg = Debug|Any CPU
		{DE5A151D-0873-4965-A1CD-8BA90E1D547C}.Debug|Any CPU.Build.0 = Debug|Any CPU
		{DE5A151D-0873-4965-A1CD-8BA90E1D547C}.Release|Any CPU.ActiveCfg = Release|Any CPU
		{DE5A151D-0873-4965-A1CD-8BA90E1D547C}.Release|Any CPU.Build.0 = Release|Any CPU
		{DE5A151D-0873-4965-A1CD-8BA90E1D547C}.Debug|iPhoneSimulator.ActiveCfg = Debug|Any CPU
		{DE5A151D-0873-4965-A1CD-8BA90E1D547C}.Debug|iPhoneSimulator.Build.0 = Debug|Any CPU
		{DE5A151D-0873-4965-A1CD-8BA90E1D547C}.Release|iPhoneSimulator.ActiveCfg = Release|Any CPU
		{DE5A151D-0873-4965-A1CD-8BA90E1D547C}.Release|iPhoneSimulator.Build.0 = Release|Any CPU
		{DE5A151D-0873-4965-A1CD-8BA90E1D547C}.Debug|iPhone.ActiveCfg = Debug|Any CPU
		{DE5A151D-0873-4965-A1CD-8BA90E1D547C}.Debug|iPhone.Build.0 = Debug|Any CPU
		{DE5A151D-0873-4965-A1CD-8BA90E1D547C}.Release|iPhone.ActiveCfg = Release|Any CPU
		{DE5A151D-0873-4965-A1CD-8BA90E1D547C}.Release|iPhone.Build.0 = Release|Any CPU
	EndGlobalSection
EndGlobal
